// !$*UTF8*$!
{
	archiveVersion = 1;
	classes = {
	};
	objectVersion = 46;
	objects = {

/* Begin PBXBuildFile section */
		270121591F107D830020BC87 /* AVFoundation.framework in Frameworks */ = {isa = PBXBuildFile; fileRef = 270121581F107D830020BC87 /* AVFoundation.framework */; };
		9D45DB851F106F08000BE38E /* AppDelegate.swift in Sources */ = {isa = PBXBuildFile; fileRef = 9D45DB841F106F08000BE38E /* AppDelegate.swift */; };
		9D45DB871F106F08000BE38E /* ViewController.swift in Sources */ = {isa = PBXBuildFile; fileRef = 9D45DB861F106F08000BE38E /* ViewController.swift */; };
		9D45DB8A1F106F08000BE38E /* Main.storyboard in Resources */ = {isa = PBXBuildFile; fileRef = 9D45DB881F106F08000BE38E /* Main.storyboard */; };
		9D45DB8D1F106F08000BE38E /* GymJams.xcdatamodeld in Sources */ = {isa = PBXBuildFile; fileRef = 9D45DB8B1F106F08000BE38E /* GymJams.xcdatamodeld */; };
		9D45DB8F1F106F08000BE38E /* Assets.xcassets in Resources */ = {isa = PBXBuildFile; fileRef = 9D45DB8E1F106F08000BE38E /* Assets.xcassets */; };
		9D45DB921F106F08000BE38E /* LaunchScreen.storyboard in Resources */ = {isa = PBXBuildFile; fileRef = 9D45DB901F106F08000BE38E /* LaunchScreen.storyboard */; };
		9D45DB9F1F1081C4000BE38E /* SpotifyMetadata.framework in Frameworks */ = {isa = PBXBuildFile; fileRef = 9D45DB9E1F1081C4000BE38E /* SpotifyMetadata.framework */; };
		9D45DBA21F1081E2000BE38E /* SpotifyAudioPlayback.framework in Frameworks */ = {isa = PBXBuildFile; fileRef = 9D45DBA01F1081E2000BE38E /* SpotifyAudioPlayback.framework */; };
		9D45DBA31F1081E2000BE38E /* SpotifyAuthentication.framework in Frameworks */ = {isa = PBXBuildFile; fileRef = 9D45DBA11F1081E2000BE38E /* SpotifyAuthentication.framework */; };
		9D45DBA71F10823D000BE38E /* BridgeViewController.m in Sources */ = {isa = PBXBuildFile; fileRef = 9D45DBA61F10823D000BE38E /* BridgeViewController.m */; };
/* End PBXBuildFile section */

/* Begin PBXFileReference section */
		270121581F107D830020BC87 /* AVFoundation.framework */ = {isa = PBXFileReference; lastKnownFileType = wrapper.framework; name = AVFoundation.framework; path = System/Library/Frameworks/AVFoundation.framework; sourceTree = SDKROOT; };
		9D45DB811F106F08000BE38E /* GymJams.app */ = {isa = PBXFileReference; explicitFileType = wrapper.application; includeInIndex = 0; path = GymJams.app; sourceTree = BUILT_PRODUCTS_DIR; };
		9D45DB841F106F08000BE38E /* AppDelegate.swift */ = {isa = PBXFileReference; lastKnownFileType = sourcecode.swift; path = AppDelegate.swift; sourceTree = "<group>"; };
		9D45DB861F106F08000BE38E /* ViewController.swift */ = {isa = PBXFileReference; lastKnownFileType = sourcecode.swift; path = ViewController.swift; sourceTree = "<group>"; };
		9D45DB891F106F08000BE38E /* Base */ = {isa = PBXFileReference; lastKnownFileType = file.storyboard; name = Base; path = Base.lproj/Main.storyboard; sourceTree = "<group>"; };
		9D45DB8C1F106F08000BE38E /* GymJams.xcdatamodel */ = {isa = PBXFileReference; lastKnownFileType = wrapper.xcdatamodel; path = GymJams.xcdatamodel; sourceTree = "<group>"; };
		9D45DB8E1F106F08000BE38E /* Assets.xcassets */ = {isa = PBXFileReference; lastKnownFileType = folder.assetcatalog; path = Assets.xcassets; sourceTree = "<group>"; };
		9D45DB911F106F08000BE38E /* Base */ = {isa = PBXFileReference; lastKnownFileType = file.storyboard; name = Base; path = Base.lproj/LaunchScreen.storyboard; sourceTree = "<group>"; };
		9D45DB931F106F08000BE38E /* Info.plist */ = {isa = PBXFileReference; lastKnownFileType = text.plist.xml; path = Info.plist; sourceTree = "<group>"; };
		9D45DB9E1F1081C4000BE38E /* SpotifyMetadata.framework */ = {isa = PBXFileReference; lastKnownFileType = wrapper.framework; path = SpotifyMetadata.framework; sourceTree = "<group>"; };
		9D45DBA01F1081E2000BE38E /* SpotifyAudioPlayback.framework */ = {isa = PBXFileReference; lastKnownFileType = wrapper.framework; path = SpotifyAudioPlayback.framework; sourceTree = "<group>"; };
		9D45DBA11F1081E2000BE38E /* SpotifyAuthentication.framework */ = {isa = PBXFileReference; lastKnownFileType = wrapper.framework; path = SpotifyAuthentication.framework; sourceTree = "<group>"; };
		9D45DBA41F10823D000BE38E /* GymJams-Bridging-Header.h */ = {isa = PBXFileReference; lastKnownFileType = sourcecode.c.h; path = "GymJams-Bridging-Header.h"; sourceTree = "<group>"; };
		9D45DBA51F10823D000BE38E /* BridgeViewController.h */ = {isa = PBXFileReference; fileEncoding = 4; lastKnownFileType = sourcecode.c.h; path = BridgeViewController.h; sourceTree = "<group>"; };
		9D45DBA61F10823D000BE38E /* BridgeViewController.m */ = {isa = PBXFileReference; fileEncoding = 4; lastKnownFileType = sourcecode.c.objc; path = BridgeViewController.m; sourceTree = "<group>"; };
/* End PBXFileReference section */

/* Begin PBXFrameworksBuildPhase section */
		9D45DB7E1F106F08000BE38E /* Frameworks */ = {
			isa = PBXFrameworksBuildPhase;
			buildActionMask = 2147483647;
			files = (
				9D45DB9F1F1081C4000BE38E /* SpotifyMetadata.framework in Frameworks */,
				9D45DBA31F1081E2000BE38E /* SpotifyAuthentication.framework in Frameworks */,
				270121591F107D830020BC87 /* AVFoundation.framework in Frameworks */,
				9D45DBA21F1081E2000BE38E /* SpotifyAudioPlayback.framework in Frameworks */,
			);
			runOnlyForDeploymentPostprocessing = 0;
		};
/* End PBXFrameworksBuildPhase section */

/* Begin PBXGroup section */
		270121231F107C1F0020BC87 /* Frameworks */ = {
			isa = PBXGroup;
			children = (
				9D45DB9E1F1081C4000BE38E /* SpotifyMetadata.framework */,
				270121581F107D830020BC87 /* AVFoundation.framework */,
				9D45DBA01F1081E2000BE38E /* SpotifyAudioPlayback.framework */,
				9D45DBA11F1081E2000BE38E /* SpotifyAuthentication.framework */,
			);
			name = Frameworks;
			sourceTree = "<group>";
		};
		9D45DB781F106F08000BE38E = {
			isa = PBXGroup;
			children = (
				9D45DB831F106F08000BE38E /* GymJams */,
				9D45DB821F106F08000BE38E /* Products */,
				270121231F107C1F0020BC87 /* Frameworks */,
			);
			sourceTree = "<group>";
		};
		9D45DB821F106F08000BE38E /* Products */ = {
			isa = PBXGroup;
			children = (
				9D45DB811F106F08000BE38E /* GymJams.app */,
			);
			name = Products;
			sourceTree = "<group>";
		};
		9D45DB831F106F08000BE38E /* GymJams */ = {
			isa = PBXGroup;
			children = (
				9D45DB841F106F08000BE38E /* AppDelegate.swift */,
				9D45DB861F106F08000BE38E /* ViewController.swift */,
				9D45DB881F106F08000BE38E /* Main.storyboard */,
				9D45DB8E1F106F08000BE38E /* Assets.xcassets */,
				9D45DB901F106F08000BE38E /* LaunchScreen.storyboard */,
				9D45DB931F106F08000BE38E /* Info.plist */,
				9D45DB8B1F106F08000BE38E /* GymJams.xcdatamodeld */,
				9D45DBA51F10823D000BE38E /* BridgeViewController.h */,
				9D45DBA61F10823D000BE38E /* BridgeViewController.m */,
				9D45DBA41F10823D000BE38E /* GymJams-Bridging-Header.h */,
			);
			path = GymJams;
			sourceTree = "<group>";
		};
/* End PBXGroup section */

/* Begin PBXNativeTarget section */
		9D45DB801F106F08000BE38E /* GymJams */ = {
			isa = PBXNativeTarget;
			buildConfigurationList = 9D45DB961F106F08000BE38E /* Build configuration list for PBXNativeTarget "GymJams" */;
			buildPhases = (
				9D45DB7D1F106F08000BE38E /* Sources */,
				9D45DB7E1F106F08000BE38E /* Frameworks */,
				9D45DB7F1F106F08000BE38E /* Resources */,
			);
			buildRules = (
			);
			dependencies = (
			);
			name = GymJams;
			productName = GymJams;
			productReference = 9D45DB811F106F08000BE38E /* GymJams.app */;
			productType = "com.apple.product-type.application";
		};
/* End PBXNativeTarget section */

/* Begin PBXProject section */
		9D45DB791F106F08000BE38E /* Project object */ = {
			isa = PBXProject;
			attributes = {
				LastSwiftUpdateCheck = 0830;
				LastUpgradeCheck = 0830;
				ORGANIZATIONNAME = "Kevin Nguyen";
				TargetAttributes = {
					9D45DB801F106F08000BE38E = {
						CreatedOnToolsVersion = 8.3.3;
						DevelopmentTeam = R5DXE64YJU;
						LastSwiftMigration = 0830;
						ProvisioningStyle = Automatic;
					};
				};
			};
			buildConfigurationList = 9D45DB7C1F106F08000BE38E /* Build configuration list for PBXProject "GymJams" */;
			compatibilityVersion = "Xcode 3.2";
			developmentRegion = English;
			hasScannedForEncodings = 0;
			knownRegions = (
				en,
				Base,
			);
			mainGroup = 9D45DB781F106F08000BE38E;
			productRefGroup = 9D45DB821F106F08000BE38E /* Products */;
			projectDirPath = "";
			projectRoot = "";
			targets = (
				9D45DB801F106F08000BE38E /* GymJams */,
			);
		};
/* End PBXProject section */

/* Begin PBXResourcesBuildPhase section */
		9D45DB7F1F106F08000BE38E /* Resources */ = {
			isa = PBXResourcesBuildPhase;
			buildActionMask = 2147483647;
			files = (
				9D45DB921F106F08000BE38E /* LaunchScreen.storyboard in Resources */,
				9D45DB8F1F106F08000BE38E /* Assets.xcassets in Resources */,
				9D45DB8A1F106F08000BE38E /* Main.storyboard in Resources */,
			);
			runOnlyForDeploymentPostprocessing = 0;
		};
/* End PBXResourcesBuildPhase section */

/* Begin PBXSourcesBuildPhase section */
		9D45DB7D1F106F08000BE38E /* Sources */ = {
			isa = PBXSourcesBuildPhase;
			buildActionMask = 2147483647;
			files = (
				9D45DB871F106F08000BE38E /* ViewController.swift in Sources */,
				9D45DBA71F10823D000BE38E /* BridgeViewController.m in Sources */,
				9D45DB851F106F08000BE38E /* AppDelegate.swift in Sources */,
				9D45DB8D1F106F08000BE38E /* GymJams.xcdatamodeld in Sources */,
			);
			runOnlyForDeploymentPostprocessing = 0;
		};
/* End PBXSourcesBuildPhase section */

/* Begin PBXVariantGroup section */
		9D45DB881F106F08000BE38E /* Main.storyboard */ = {
			isa = PBXVariantGroup;
			children = (
				9D45DB891F106F08000BE38E /* Base */,
			);
			name = Main.storyboard;
			sourceTree = "<group>";
		};
		9D45DB901F106F08000BE38E /* LaunchScreen.storyboard */ = {
			isa = PBXVariantGroup;
			children = (
				9D45DB911F106F08000BE38E /* Base */,
			);
			name = LaunchScreen.storyboard;
			sourceTree = "<group>";
		};
/* End PBXVariantGroup section */

/* Begin XCBuildConfiguration section */
		9D45DB941F106F08000BE38E /* Debug */ = {
			isa = XCBuildConfiguration;
			buildSettings = {
				ALWAYS_SEARCH_USER_PATHS = NO;
				CLANG_ANALYZER_NONNULL = YES;
				CLANG_ANALYZER_NUMBER_OBJECT_CONVERSION = YES_AGGRESSIVE;
				CLANG_CXX_LANGUAGE_STANDARD = "gnu++0x";
				CLANG_CXX_LIBRARY = "libc++";
				CLANG_ENABLE_MODULES = YES;
				CLANG_ENABLE_OBJC_ARC = YES;
				CLANG_WARN_BOOL_CONVERSION = YES;
				CLANG_WARN_CONSTANT_CONVERSION = YES;
				CLANG_WARN_DIRECT_OBJC_ISA_USAGE = YES_ERROR;
				CLANG_WARN_DOCUMENTATION_COMMENTS = YES;
				CLANG_WARN_EMPTY_BODY = YES;
				CLANG_WARN_ENUM_CONVERSION = YES;
				CLANG_WARN_INFINITE_RECURSION = YES;
				CLANG_WARN_INT_CONVERSION = YES;
				CLANG_WARN_OBJC_ROOT_CLASS = YES_ERROR;
				CLANG_WARN_SUSPICIOUS_MOVE = YES;
				CLANG_WARN_UNREACHABLE_CODE = YES;
				CLANG_WARN__DUPLICATE_METHOD_MATCH = YES;
				"CODE_SIGN_IDENTITY[sdk=iphoneos*]" = "iPhone Developer";
				COPY_PHASE_STRIP = NO;
				DEBUG_INFORMATION_FORMAT = dwarf;
				ENABLE_STRICT_OBJC_MSGSEND = YES;
				ENABLE_TESTABILITY = YES;
				GCC_C_LANGUAGE_STANDARD = gnu99;
				GCC_DYNAMIC_NO_PIC = NO;
				GCC_NO_COMMON_BLOCKS = YES;
				GCC_OPTIMIZATION_LEVEL = 0;
				GCC_PREPROCESSOR_DEFINITIONS = (
					"DEBUG=1",
					"$(inherited)",
				);
				GCC_WARN_64_TO_32_BIT_CONVERSION = YES;
				GCC_WARN_ABOUT_RETURN_TYPE = YES_ERROR;
				GCC_WARN_UNDECLARED_SELECTOR = YES;
				GCC_WARN_UNINITIALIZED_AUTOS = YES_AGGRESSIVE;
				GCC_WARN_UNUSED_FUNCTION = YES;
				GCC_WARN_UNUSED_VARIABLE = YES;
				IPHONEOS_DEPLOYMENT_TARGET = 10.3;
				MTL_ENABLE_DEBUG_INFO = YES;
				ONLY_ACTIVE_ARCH = YES;
				SDKROOT = iphoneos;
				SWIFT_ACTIVE_COMPILATION_CONDITIONS = DEBUG;
				SWIFT_OPTIMIZATION_LEVEL = "-Onone";
			};
			name = Debug;
		};
		9D45DB951F106F08000BE38E /* Release */ = {
			isa = XCBuildConfiguration;
			buildSettings = {
				ALWAYS_SEARCH_USER_PATHS = NO;
				CLANG_ANALYZER_NONNULL = YES;
				CLANG_ANALYZER_NUMBER_OBJECT_CONVERSION = YES_AGGRESSIVE;
				CLANG_CXX_LANGUAGE_STANDARD = "gnu++0x";
				CLANG_CXX_LIBRARY = "libc++";
				CLANG_ENABLE_MODULES = YES;
				CLANG_ENABLE_OBJC_ARC = YES;
				CLANG_WARN_BOOL_CONVERSION = YES;
				CLANG_WARN_CONSTANT_CONVERSION = YES;
				CLANG_WARN_DIRECT_OBJC_ISA_USAGE = YES_ERROR;
				CLANG_WARN_DOCUMENTATION_COMMENTS = YES;
				CLANG_WARN_EMPTY_BODY = YES;
				CLANG_WARN_ENUM_CONVERSION = YES;
				CLANG_WARN_INFINITE_RECURSION = YES;
				CLANG_WARN_INT_CONVERSION = YES;
				CLANG_WARN_OBJC_ROOT_CLASS = YES_ERROR;
				CLANG_WARN_SUSPICIOUS_MOVE = YES;
				CLANG_WARN_UNREACHABLE_CODE = YES;
				CLANG_WARN__DUPLICATE_METHOD_MATCH = YES;
				"CODE_SIGN_IDENTITY[sdk=iphoneos*]" = "iPhone Developer";
				COPY_PHASE_STRIP = NO;
				DEBUG_INFORMATION_FORMAT = "dwarf-with-dsym";
				ENABLE_NS_ASSERTIONS = NO;
				ENABLE_STRICT_OBJC_MSGSEND = YES;
				GCC_C_LANGUAGE_STANDARD = gnu99;
				GCC_NO_COMMON_BLOCKS = YES;
				GCC_WARN_64_TO_32_BIT_CONVERSION = YES;
				GCC_WARN_ABOUT_RETURN_TYPE = YES_ERROR;
				GCC_WARN_UNDECLARED_SELECTOR = YES;
				GCC_WARN_UNINITIALIZED_AUTOS = YES_AGGRESSIVE;
				GCC_WARN_UNUSED_FUNCTION = YES;
				GCC_WARN_UNUSED_VARIABLE = YES;
				IPHONEOS_DEPLOYMENT_TARGET = 10.3;
				MTL_ENABLE_DEBUG_INFO = NO;
				SDKROOT = iphoneos;
				SWIFT_OPTIMIZATION_LEVEL = "-Owholemodule";
				VALIDATE_PRODUCT = YES;
			};
			name = Release;
		};
		9D45DB971F106F08000BE38E /* Debug */ = {
			isa = XCBuildConfiguration;
			buildSettings = {
				ASSETCATALOG_COMPILER_APPICON_NAME = AppIcon;
				CLANG_ENABLE_MODULES = YES;
				DEVELOPMENT_TEAM = R5DXE64YJU;
				FRAMEWORK_SEARCH_PATHS = (
					"$(inherited)",
					"$(PROJECT_DIR)",
				);
				INFOPLIST_FILE = GymJams/Info.plist;
				LD_RUNPATH_SEARCH_PATHS = "$(inherited) @executable_path/Frameworks";
				OTHER_LDFLAGS = "-ObjC";
				PRODUCT_BUNDLE_IDENTIFIER = com.KevinNguyen.GymJams;
				PRODUCT_NAME = "$(TARGET_NAME)";
				SWIFT_OBJC_BRIDGING_HEADER = "GymJams/GymJams-Bridging-Header.h";
				SWIFT_OPTIMIZATION_LEVEL = "-Onone";
				SWIFT_VERSION = 3.0;
			};
			name = Debug;
		};
		9D45DB981F106F08000BE38E /* Release */ = {
			isa = XCBuildConfiguration;
			buildSettings = {
				ASSETCATALOG_COMPILER_APPICON_NAME = AppIcon;
				CLANG_ENABLE_MODULES = YES;
				DEVELOPMENT_TEAM = R5DXE64YJU;
				FRAMEWORK_SEARCH_PATHS = (
					"$(inherited)",
					"$(PROJECT_DIR)",
				);
				INFOPLIST_FILE = GymJams/Info.plist;
				LD_RUNPATH_SEARCH_PATHS = "$(inherited) @executable_path/Frameworks";
				OTHER_LDFLAGS = "-ObjC";
				PRODUCT_BUNDLE_IDENTIFIER = com.KevinNguyen.GymJams;
				PRODUCT_NAME = "$(TARGET_NAME)";
				SWIFT_OBJC_BRIDGING_HEADER = "GymJams/GymJams-Bridging-Header.h";
				SWIFT_VERSION = 3.0;
			};
			name = Release;
		};
/* End XCBuildConfiguration section */

/* Begin XCConfigurationList section */
		9D45DB7C1F106F08000BE38E /* Build configuration list for PBXProject "GymJams" */ = {
			isa = XCConfigurationList;
			buildConfigurations = (
				9D45DB941F106F08000BE38E /* Debug */,
				9D45DB951F106F08000BE38E /* Release */,
			);
			defaultConfigurationIsVisible = 0;
			defaultConfigurationName = Release;
		};
		9D45DB961F106F08000BE38E /* Build configuration list for PBXNativeTarget "GymJams" */ = {
			isa = XCConfigurationList;
			buildConfigurations = (
				9D45DB971F106F08000BE38E /* Debug */,
				9D45DB981F106F08000BE38E /* Release */,
			);
			defaultConfigurationIsVisible = 0;
			defaultConfigurationName = Release;
		};
/* End XCConfigurationList section */

/* Begin XCVersionGroup section */
		9D45DB8B1F106F08000BE38E /* GymJams.xcdatamodeld */ = {
			isa = XCVersionGroup;
			children = (
				9D45DB8C1F106F08000BE38E /* GymJams.xcdatamodel */,
			);
			currentVersion = 9D45DB8C1F106F08000BE38E /* GymJams.xcdatamodel */;
			path = GymJams.xcdatamodeld;
			sourceTree = "<group>";
			versionGroupType = wrapper.xcdatamodel;
		};
/* End XCVersionGroup section */
	};
	rootObject = 9D45DB791F106F08000BE38E /* Project object */;
}
